{
    "annotationProcessor": {
        "com.github.ben-manes.caffeine:caffeine": {
            "locked": "2.8.8",
            "transitive": [
                "com.google.errorprone:error_prone_check_api"
            ]
        },
        "com.github.kevinstern:software-and-algorithms": {
            "locked": "1.0",
            "transitive": [
                "com.google.errorprone:error_prone_check_api"
            ]
        },
        "com.google.auto.service:auto-service-annotations": {
            "locked": "1.0-rc6",
            "transitive": [
                "com.google.errorprone:error_prone_core"
            ]
        },
        "com.google.auto.value:auto-value-annotations": {
            "locked": "1.7",
            "transitive": [
                "com.google.errorprone:error_prone_check_api",
                "com.google.errorprone:error_prone_core"
            ]
        },
        "com.google.auto:auto-common": {
            "locked": "0.10",
            "transitive": [
                "com.google.errorprone:error_prone_core"
            ]
        },
        "com.google.code.findbugs:jFormatString": {
            "locked": "3.0.0",
            "transitive": [
                "com.google.errorprone:error_prone_core"
            ]
        },
        "com.google.code.findbugs:jsr305": {
            "locked": "3.0.2",
            "transitive": [
                "com.google.errorprone:error_prone_check_api",
                "com.google.errorprone:error_prone_core",
                "com.google.guava:guava"
            ]
        },
        "com.google.errorprone:error_prone_annotation": {
            "locked": "2.7.1",
            "transitive": [
                "com.google.errorprone:error_prone_check_api",
                "com.google.errorprone:error_prone_core"
            ]
        },
        "com.google.errorprone:error_prone_annotations": {
            "locked": "2.7.1",
            "transitive": [
                "com.github.ben-manes.caffeine:caffeine",
                "com.google.errorprone:error_prone_check_api",
                "com.google.errorprone:error_prone_core",
                "com.google.guava:guava"
            ]
        },
        "com.google.errorprone:error_prone_check_api": {
            "locked": "2.7.1",
            "transitive": [
                "com.google.errorprone:error_prone_core"
            ]
        },
        "com.google.errorprone:error_prone_core": {
            "locked": "2.7.1"
        },
        "com.google.errorprone:error_prone_type_annotations": {
            "locked": "2.7.1",
            "transitive": [
                "com.google.errorprone:error_prone_core"
            ]
        },
        "com.google.guava:failureaccess": {
            "locked": "1.0.1",
            "transitive": [
                "com.google.guava:guava"
            ]
        },
        "com.google.guava:guava": {
            "locked": "30.1-jre",
            "transitive": [
                "com.google.auto:auto-common",
                "com.google.errorprone:error_prone_annotation",
                "com.google.errorprone:error_prone_core"
            ]
        },
        "com.google.guava:listenablefuture": {
            "locked": "9999.0-empty-to-avoid-conflict-with-guava",
            "transitive": [
                "com.google.guava:guava"
            ]
        },
        "com.google.j2objc:j2objc-annotations": {
            "locked": "1.3",
            "transitive": [
                "com.google.guava:guava"
            ]
        },
        "com.google.protobuf:protobuf-java": {
            "locked": "3.4.0",
            "transitive": [
                "com.google.errorprone:error_prone_core"
            ]
        },
        "io.github.java-diff-utils:java-diff-utils": {
            "locked": "4.0",
            "transitive": [
                "com.google.errorprone:error_prone_check_api"
            ]
        },
        "org.checkerframework:checker-qual": {
            "locked": "3.8.0",
            "transitive": [
                "com.github.ben-manes.caffeine:caffeine",
                "com.google.guava:guava"
            ]
        },
        "org.checkerframework:dataflow-shaded": {
            "locked": "3.11.0",
            "transitive": [
                "com.google.errorprone:error_prone_check_api",
                "com.google.errorprone:error_prone_core"
            ]
        },
        "org.eclipse.jgit:org.eclipse.jgit": {
            "locked": "4.4.1.201607150455-r",
            "transitive": [
                "io.github.java-diff-utils:java-diff-utils"
            ]
        },
        "org.pcollections:pcollections": {
            "locked": "2.1.2",
            "transitive": [
                "com.google.errorprone:error_prone_core"
            ]
        }
    },
    "compileClasspath": {
        "com.google.api.grpc:proto-google-common-protos": {
            "locked": "1.17.0",
            "transitive": [
                "netflix.io.grpc:grpc-protobuf-nflx"
            ]
        },
        "com.google.code.findbugs:jsr305": {
            "locked": "3.0.2",
            "transitive": [
                "netflix.io.grpc:grpc-api-nflx",
                "netflix.io.grpc:grpc-guava-shaded-nflx",
                "netflix.io.grpc:grpc-protobuf-nflx"
            ]
        },
        "com.google.code.gson:gson": {
            "locked": "2.8.6",
            "transitive": [
                "netflix.com.google.protobuf:protobuf-java-util-nflx",
                "netflix.io.temporal:temporal-sdk"
            ]
        },
        "com.google.errorprone:error_prone_annotations": {
            "locked": "2.3.4",
            "transitive": [
                "netflix.com.google.protobuf:protobuf-java-util-nflx",
                "netflix.io.grpc:grpc-guava-shaded-nflx"
            ]
        },
        "com.google.j2objc:j2objc-annotations": {
            "locked": "1.3",
            "transitive": [
                "netflix.io.grpc:grpc-guava-shaded-nflx"
            ]
        },
        "com.uber.m3:tally-core": {
            "locked": "0.6.1",
            "transitive": [
                "netflix.io.temporal:temporal-serviceclient"
            ]
        },
        "io.micrometer:micrometer-core": {
            "locked": "1.6.1",
            "transitive": [
                "netflix.io.temporal:temporal-sdk"
            ]
        },
        "junit:junit": {
            "locked": "4.13.2"
        },
        "netflix.com.google.protobuf:protobuf-java-nflx": {
            "locked": "3.12.0",
            "transitive": [
                "netflix.com.google.protobuf:protobuf-java-util-nflx",
                "netflix.grpc:netflix-grpc-options-proto-definition",
                "netflix.io.grpc:grpc-protobuf-nflx",
                "netflix.io.temporal:temporal-serviceclient"
            ]
        },
        "netflix.com.google.protobuf:protobuf-java-util-nflx": {
            "locked": "3.12.0",
            "transitive": [
                "netflix.grpc:netflix-grpc-options-proto-definition",
                "netflix.io.temporal:temporal-serviceclient"
            ]
        },
        "netflix.grpc:netflix-grpc-options-proto-definition": {
            "locked": "1.33.2",
            "transitive": [
                "netflix.io.temporal:temporal-serviceclient"
            ]
        },
        "netflix.io.grpc:grpc-api-nflx": {
            "locked": "1.33.1",
            "transitive": [
                "netflix.io.grpc:grpc-core-nflx",
                "netflix.io.grpc:grpc-protobuf-lite-nflx",
                "netflix.io.grpc:grpc-protobuf-nflx",
                "netflix.io.grpc:grpc-stub-nflx"
            ]
        },
        "netflix.io.grpc:grpc-context-nflx": {
            "locked": "1.33.1",
            "transitive": [
                "netflix.io.grpc:grpc-api-nflx"
            ]
        },
        "netflix.io.grpc:grpc-core-nflx": {
            "locked": "1.33.1",
            "transitive": [
                "netflix.io.grpc:grpc-netty-shaded-nflx",
                "netflix.io.grpc:grpc-services-nflx",
                "netflix.io.temporal:temporal-serviceclient"
            ]
        },
        "netflix.io.grpc:grpc-guava-shaded-nflx": {
            "locked": "1.33.1",
            "transitive": [
                "netflix.io.grpc:grpc-stub-nflx"
            ]
        },
        "netflix.io.grpc:grpc-netty-shaded-nflx": {
            "locked": "1.33.1",
            "transitive": [
                "netflix.io.temporal:temporal-serviceclient"
            ]
        },
        "netflix.io.grpc:grpc-protobuf-lite-nflx": {
            "locked": "1.33.1",
            "transitive": [
                "netflix.io.grpc:grpc-protobuf-nflx"
            ]
        },
        "netflix.io.grpc:grpc-protobuf-nflx": {
            "locked": "1.33.1",
            "transitive": [
                "netflix.grpc:netflix-grpc-options-proto-definition",
                "netflix.io.grpc:grpc-services-nflx",
                "netflix.io.temporal:temporal-serviceclient"
            ]
        },
        "netflix.io.grpc:grpc-services-nflx": {
            "locked": "1.33.1",
            "transitive": [
                "netflix.io.temporal:temporal-serviceclient"
            ]
        },
        "netflix.io.grpc:grpc-stub-nflx": {
            "locked": "1.33.1",
            "transitive": [
                "netflix.grpc:netflix-grpc-options-proto-definition",
                "netflix.io.grpc:grpc-services-nflx",
                "netflix.io.temporal:temporal-serviceclient"
            ]
        },
        "netflix.io.temporal:temporal-sdk": {
            "project": true,
            "transitive": [
                "netflix.io.temporal:temporal-testing"
            ]
        },
        "netflix.io.temporal:temporal-serviceclient": {
            "project": true,
            "transitive": [
                "netflix.io.temporal:temporal-sdk"
            ]
        },
        "netflix.io.temporal:temporal-testing": {
            "project": true
        },
        "org.checkerframework:checker-qual": {
            "locked": "2.11.1",
            "transitive": [
                "netflix.io.grpc:grpc-guava-shaded-nflx"
            ]
        },
        "org.hamcrest:hamcrest-core": {
            "locked": "1.3",
            "transitive": [
                "junit:junit"
            ]
        },
        "org.hdrhistogram:HdrHistogram": {
            "locked": "2.1.12",
            "transitive": [
                "io.micrometer:micrometer-core"
            ]
        },
        "org.slf4j:slf4j-api": {
            "locked": "1.7.31",
            "transitive": [
                "netflix.io.temporal:temporal-serviceclient"
            ]
        }
    },
    "errorprone": {
        "com.github.ben-manes.caffeine:caffeine": {
            "locked": "2.8.8",
            "transitive": [
                "com.google.errorprone:error_prone_check_api"
            ]
        },
        "com.github.kevinstern:software-and-algorithms": {
            "locked": "1.0",
            "transitive": [
                "com.google.errorprone:error_prone_check_api"
            ]
        },
        "com.google.auto.service:auto-service-annotations": {
            "locked": "1.0-rc6",
            "transitive": [
                "com.google.errorprone:error_prone_core"
            ]
        },
        "com.google.auto.value:auto-value-annotations": {
            "locked": "1.7",
            "transitive": [
                "com.google.errorprone:error_prone_check_api",
                "com.google.errorprone:error_prone_core"
            ]
        },
        "com.google.auto:auto-common": {
            "locked": "0.10",
            "transitive": [
                "com.google.errorprone:error_prone_core"
            ]
        },
        "com.google.code.findbugs:jFormatString": {
            "locked": "3.0.0",
            "transitive": [
                "com.google.errorprone:error_prone_core"
            ]
        },
        "com.google.code.findbugs:jsr305": {
            "locked": "3.0.2",
            "transitive": [
                "com.google.errorprone:error_prone_check_api",
                "com.google.errorprone:error_prone_core",
                "com.google.guava:guava"
            ]
        },
        "com.google.errorprone:error_prone_annotation": {
            "locked": "2.7.1",
            "transitive": [
                "com.google.errorprone:error_prone_check_api",
                "com.google.errorprone:error_prone_core"
            ]
        },
        "com.google.errorprone:error_prone_annotations": {
            "locked": "2.7.1",
            "transitive": [
                "com.github.ben-manes.caffeine:caffeine",
                "com.google.errorprone:error_prone_check_api",
                "com.google.errorprone:error_prone_core",
                "com.google.guava:guava"
            ]
        },
        "com.google.errorprone:error_prone_check_api": {
            "locked": "2.7.1",
            "transitive": [
                "com.google.errorprone:error_prone_core"
            ]
        },
        "com.google.errorprone:error_prone_core": {
            "locked": "2.7.1"
        },
        "com.google.errorprone:error_prone_type_annotations": {
            "locked": "2.7.1",
            "transitive": [
                "com.google.errorprone:error_prone_core"
            ]
        },
        "com.google.guava:failureaccess": {
            "locked": "1.0.1",
            "transitive": [
                "com.google.guava:guava"
            ]
        },
        "com.google.guava:guava": {
            "locked": "30.1-jre",
            "transitive": [
                "com.google.auto:auto-common",
                "com.google.errorprone:error_prone_annotation",
                "com.google.errorprone:error_prone_core"
            ]
        },
        "com.google.guava:listenablefuture": {
            "locked": "9999.0-empty-to-avoid-conflict-with-guava",
            "transitive": [
                "com.google.guava:guava"
            ]
        },
        "com.google.j2objc:j2objc-annotations": {
            "locked": "1.3",
            "transitive": [
                "com.google.guava:guava"
            ]
        },
        "com.google.protobuf:protobuf-java": {
            "locked": "3.4.0",
            "transitive": [
                "com.google.errorprone:error_prone_core"
            ]
        },
        "io.github.java-diff-utils:java-diff-utils": {
            "locked": "4.0",
            "transitive": [
                "com.google.errorprone:error_prone_check_api"
            ]
        },
        "org.checkerframework:checker-qual": {
            "locked": "3.8.0",
            "transitive": [
                "com.github.ben-manes.caffeine:caffeine",
                "com.google.guava:guava"
            ]
        },
        "org.checkerframework:dataflow-shaded": {
            "locked": "3.11.0",
            "transitive": [
                "com.google.errorprone:error_prone_check_api",
                "com.google.errorprone:error_prone_core"
            ]
        },
        "org.eclipse.jgit:org.eclipse.jgit": {
            "locked": "4.4.1.201607150455-r",
            "transitive": [
                "io.github.java-diff-utils:java-diff-utils"
            ]
        },
        "org.pcollections:pcollections": {
            "locked": "2.1.2",
            "transitive": [
                "com.google.errorprone:error_prone_core"
            ]
        }
    },
    "errorproneJavac": {
        "com.google.errorprone:javac": {
            "locked": "9+181-r4173-1"
        }
    },
    "nebulaRecommenderBom": {
        "com.netflix.spring.bom:spring-boot-netflix-internalplatform-recommendations": {
            "locked": "2.3.58"
        }
    },
    "runtimeClasspath": {
        "com.cronutils:cron-utils": {
            "locked": "9.1.5",
            "transitive": [
                "netflix.io.temporal:temporal-sdk",
                "netflix.io.temporal:temporal-testing"
            ]
        },
        "com.fasterxml.jackson.core:jackson-annotations": {
            "locked": "2.12.2",
            "transitive": [
                "com.fasterxml.jackson.core:jackson-databind",
                "com.fasterxml.jackson.datatype:jackson-datatype-jsr310"
            ]
        },
        "com.fasterxml.jackson.core:jackson-core": {
            "locked": "2.12.2",
            "transitive": [
                "com.fasterxml.jackson.core:jackson-databind",
                "com.fasterxml.jackson.datatype:jackson-datatype-jsr310"
            ]
        },
        "com.fasterxml.jackson.core:jackson-databind": {
            "locked": "2.12.2",
            "transitive": [
                "com.fasterxml.jackson.datatype:jackson-datatype-jsr310",
                "netflix.io.temporal:temporal-sdk"
            ]
        },
        "com.fasterxml.jackson.datatype:jackson-datatype-jsr310": {
            "locked": "2.12.2",
            "transitive": [
                "netflix.io.temporal:temporal-sdk"
            ]
        },
        "com.google.android:annotations": {
            "locked": "4.1.1.4",
            "transitive": [
                "netflix.io.grpc:grpc-core-nflx"
            ]
        },
        "com.google.api.grpc:proto-google-common-protos": {
            "locked": "1.17.0",
            "transitive": [
                "netflix.io.grpc:grpc-protobuf-nflx"
            ]
        },
        "com.google.code.findbugs:jsr305": {
            "locked": "3.0.2",
            "transitive": [
                "io.perfmark:perfmark-api",
                "netflix.io.grpc:grpc-api-nflx",
                "netflix.io.grpc:grpc-guava-shaded-nflx",
                "netflix.io.grpc:grpc-protobuf-lite-nflx",
                "netflix.io.grpc:grpc-protobuf-nflx"
            ]
        },
        "com.google.code.gson:gson": {
            "locked": "2.8.6",
            "transitive": [
                "netflix.com.google.protobuf:protobuf-java-util-nflx",
                "netflix.io.grpc:grpc-core-nflx",
                "netflix.io.temporal:temporal-sdk"
            ]
        },
        "com.google.errorprone:error_prone_annotations": {
            "locked": "2.3.4",
            "transitive": [
                "io.perfmark:perfmark-api",
                "netflix.com.google.protobuf:protobuf-java-util-nflx",
                "netflix.io.grpc:grpc-core-nflx",
                "netflix.io.grpc:grpc-guava-shaded-nflx",
                "netflix.io.grpc:grpc-services-nflx"
            ]
        },
        "com.google.guava:guava": {
            "locked": "20.0",
            "transitive": [
                "netflix.io.temporal:temporal-sdk",
                "netflix.io.temporal:temporal-serviceclient",
                "netflix.io.temporal:temporal-testing"
            ]
        },
        "com.google.j2objc:j2objc-annotations": {
            "locked": "1.3",
            "transitive": [
                "netflix.io.grpc:grpc-guava-shaded-nflx"
            ]
        },
        "com.uber.m3:tally-core": {
            "locked": "0.6.1",
            "transitive": [
                "netflix.io.temporal:temporal-serviceclient"
            ]
        },
        "io.micrometer:micrometer-core": {
            "locked": "1.6.1",
            "transitive": [
                "netflix.io.temporal:temporal-sdk"
            ]
        },
        "io.perfmark:perfmark-api": {
            "locked": "0.19.0",
            "transitive": [
                "netflix.io.grpc:grpc-core-nflx"
            ]
        },
        "javax.annotation:javax.annotation-api": {
            "locked": "1.3.2",
            "transitive": [
                "netflix.io.temporal:temporal-sdk",
                "netflix.io.temporal:temporal-serviceclient"
            ]
        },
        "junit:junit": {
            "locked": "4.13.2"
        },
        "netflix.com.google.protobuf:protobuf-java-nflx": {
            "locked": "3.12.0",
            "transitive": [
                "netflix.com.google.protobuf:protobuf-java-util-nflx",
                "netflix.grpc:netflix-grpc-options-proto-definition",
                "netflix.io.grpc:grpc-protobuf-nflx",
                "netflix.io.temporal:temporal-serviceclient"
            ]
        },
        "netflix.com.google.protobuf:protobuf-java-util-nflx": {
            "locked": "3.12.0",
            "transitive": [
                "netflix.grpc:netflix-grpc-options-proto-definition",
                "netflix.io.grpc:grpc-services-nflx",
                "netflix.io.temporal:temporal-serviceclient"
            ]
        },
        "netflix.grpc:netflix-grpc-options-proto-definition": {
            "locked": "1.33.2",
            "transitive": [
                "netflix.io.temporal:temporal-serviceclient"
            ]
        },
        "netflix.io.grpc:grpc-api-nflx": {
            "locked": "1.33.1",
            "transitive": [
                "netflix.io.grpc:grpc-core-nflx",
                "netflix.io.grpc:grpc-protobuf-lite-nflx",
                "netflix.io.grpc:grpc-protobuf-nflx",
                "netflix.io.grpc:grpc-stub-nflx"
            ]
        },
        "netflix.io.grpc:grpc-context-nflx": {
            "locked": "1.33.1",
            "transitive": [
                "netflix.io.grpc:grpc-api-nflx"
            ]
        },
        "netflix.io.grpc:grpc-core-nflx": {
            "locked": "1.33.1",
            "transitive": [
                "netflix.io.grpc:grpc-netty-shaded-nflx",
                "netflix.io.grpc:grpc-services-nflx",
                "netflix.io.temporal:temporal-serviceclient"
            ]
        },
        "netflix.io.grpc:grpc-guava-shaded-nflx": {
            "locked": "1.33.1",
            "transitive": [
                "netflix.io.grpc:grpc-api-nflx",
                "netflix.io.grpc:grpc-core-nflx",
                "netflix.io.grpc:grpc-protobuf-lite-nflx",
                "netflix.io.grpc:grpc-protobuf-nflx",
                "netflix.io.grpc:grpc-services-nflx",
                "netflix.io.grpc:grpc-stub-nflx"
            ]
        },
        "netflix.io.grpc:grpc-netty-shaded-nflx": {
            "locked": "1.33.1",
            "transitive": [
                "netflix.io.temporal:temporal-serviceclient"
            ]
        },
        "netflix.io.grpc:grpc-protobuf-lite-nflx": {
            "locked": "1.33.1",
            "transitive": [
                "netflix.io.grpc:grpc-protobuf-nflx"
            ]
        },
        "netflix.io.grpc:grpc-protobuf-nflx": {
            "locked": "1.33.1",
            "transitive": [
                "netflix.grpc:netflix-grpc-options-proto-definition",
                "netflix.io.grpc:grpc-services-nflx",
                "netflix.io.temporal:temporal-serviceclient"
            ]
        },
        "netflix.io.grpc:grpc-services-nflx": {
            "locked": "1.33.1",
            "transitive": [
                "netflix.io.temporal:temporal-serviceclient"
            ]
        },
        "netflix.io.grpc:grpc-stub-nflx": {
            "locked": "1.33.1",
            "transitive": [
                "netflix.grpc:netflix-grpc-options-proto-definition",
                "netflix.io.grpc:grpc-services-nflx",
                "netflix.io.temporal:temporal-serviceclient"
            ]
        },
        "netflix.io.temporal:temporal-sdk": {
            "project": true,
            "transitive": [
                "netflix.io.temporal:temporal-testing"
            ]
        },
        "netflix.io.temporal:temporal-serviceclient": {
            "project": true,
            "transitive": [
                "netflix.io.temporal:temporal-sdk"
            ]
        },
        "netflix.io.temporal:temporal-testing": {
            "project": true
        },
        "org.checkerframework:checker-qual": {
            "locked": "2.11.1",
            "transitive": [
                "netflix.io.grpc:grpc-guava-shaded-nflx"
            ]
        },
        "org.codehaus.mojo:animal-sniffer-annotations": {
            "locked": "1.18",
            "transitive": [
                "netflix.io.grpc:grpc-core-nflx"
            ]
        },
        "org.glassfish:javax.el": {
            "locked": "3.0.0",
            "transitive": [
                "com.cronutils:cron-utils"
            ]
        },
        "org.hamcrest:hamcrest-core": {
            "locked": "1.3",
            "transitive": [
                "junit:junit"
            ]
        },
        "org.hdrhistogram:HdrHistogram": {
            "locked": "2.1.12",
            "transitive": [
                "io.micrometer:micrometer-core"
            ]
        },
        "org.latencyutils:LatencyUtils": {
            "locked": "2.0.3",
            "transitive": [
                "io.micrometer:micrometer-core"
            ]
        },
        "org.slf4j:slf4j-api": {
            "locked": "1.7.31",
            "transitive": [
                "com.cronutils:cron-utils",
                "netflix.io.temporal:temporal-serviceclient"
            ]
        }
    },
    "testAnnotationProcessor": {
        "com.github.ben-manes.caffeine:caffeine": {
            "locked": "2.8.8",
            "transitive": [
                "com.google.errorprone:error_prone_check_api"
            ]
        },
        "com.github.kevinstern:software-and-algorithms": {
            "locked": "1.0",
            "transitive": [
                "com.google.errorprone:error_prone_check_api"
            ]
        },
        "com.google.auto.service:auto-service-annotations": {
            "locked": "1.0-rc6",
            "transitive": [
                "com.google.errorprone:error_prone_core"
            ]
        },
        "com.google.auto.value:auto-value-annotations": {
            "locked": "1.7",
            "transitive": [
                "com.google.errorprone:error_prone_check_api",
                "com.google.errorprone:error_prone_core"
            ]
        },
        "com.google.auto:auto-common": {
            "locked": "0.10",
            "transitive": [
                "com.google.errorprone:error_prone_core"
            ]
        },
        "com.google.code.findbugs:jFormatString": {
            "locked": "3.0.0",
            "transitive": [
                "com.google.errorprone:error_prone_core"
            ]
        },
        "com.google.code.findbugs:jsr305": {
            "locked": "3.0.2",
            "transitive": [
                "com.google.errorprone:error_prone_check_api",
                "com.google.errorprone:error_prone_core",
                "com.google.guava:guava"
            ]
        },
        "com.google.errorprone:error_prone_annotation": {
            "locked": "2.7.1",
            "transitive": [
                "com.google.errorprone:error_prone_check_api",
                "com.google.errorprone:error_prone_core"
            ]
        },
        "com.google.errorprone:error_prone_annotations": {
            "locked": "2.7.1",
            "transitive": [
                "com.github.ben-manes.caffeine:caffeine",
                "com.google.errorprone:error_prone_check_api",
                "com.google.errorprone:error_prone_core",
                "com.google.guava:guava"
            ]
        },
        "com.google.errorprone:error_prone_check_api": {
            "locked": "2.7.1",
            "transitive": [
                "com.google.errorprone:error_prone_core"
            ]
        },
        "com.google.errorprone:error_prone_core": {
            "locked": "2.7.1"
        },
        "com.google.errorprone:error_prone_type_annotations": {
            "locked": "2.7.1",
            "transitive": [
                "com.google.errorprone:error_prone_core"
            ]
        },
        "com.google.guava:failureaccess": {
            "locked": "1.0.1",
            "transitive": [
                "com.google.guava:guava"
            ]
        },
        "com.google.guava:guava": {
            "locked": "30.1-jre",
            "transitive": [
                "com.google.auto:auto-common",
                "com.google.errorprone:error_prone_annotation",
                "com.google.errorprone:error_prone_core"
            ]
        },
        "com.google.guava:listenablefuture": {
            "locked": "9999.0-empty-to-avoid-conflict-with-guava",
            "transitive": [
                "com.google.guava:guava"
            ]
        },
        "com.google.j2objc:j2objc-annotations": {
            "locked": "1.3",
            "transitive": [
                "com.google.guava:guava"
            ]
        },
        "com.google.protobuf:protobuf-java": {
            "locked": "3.4.0",
            "transitive": [
                "com.google.errorprone:error_prone_core"
            ]
        },
        "io.github.java-diff-utils:java-diff-utils": {
            "locked": "4.0",
            "transitive": [
                "com.google.errorprone:error_prone_check_api"
            ]
        },
        "org.checkerframework:checker-qual": {
            "locked": "3.8.0",
            "transitive": [
                "com.github.ben-manes.caffeine:caffeine",
                "com.google.guava:guava"
            ]
        },
        "org.checkerframework:dataflow-shaded": {
            "locked": "3.11.0",
            "transitive": [
                "com.google.errorprone:error_prone_check_api",
                "com.google.errorprone:error_prone_core"
            ]
        },
        "org.eclipse.jgit:org.eclipse.jgit": {
            "locked": "4.4.1.201607150455-r",
            "transitive": [
                "io.github.java-diff-utils:java-diff-utils"
            ]
        },
        "org.pcollections:pcollections": {
            "locked": "2.1.2",
            "transitive": [
                "com.google.errorprone:error_prone_core"
            ]
        }
    },
    "testCompileClasspath": {
        "com.google.api.grpc:proto-google-common-protos": {
            "locked": "1.17.0",
            "transitive": [
                "netflix.io.grpc:grpc-protobuf-nflx"
            ]
        },
        "com.google.code.findbugs:jsr305": {
            "locked": "3.0.2",
            "transitive": [
                "netflix.io.grpc:grpc-api-nflx",
                "netflix.io.grpc:grpc-guava-shaded-nflx",
                "netflix.io.grpc:grpc-protobuf-nflx"
            ]
        },
        "com.google.code.gson:gson": {
            "locked": "2.8.6",
            "transitive": [
                "netflix.com.google.protobuf:protobuf-java-util-nflx",
                "netflix.io.temporal:temporal-sdk"
            ]
        },
        "com.google.errorprone:error_prone_annotations": {
            "locked": "2.3.4",
            "transitive": [
                "netflix.com.google.protobuf:protobuf-java-util-nflx",
                "netflix.io.grpc:grpc-guava-shaded-nflx"
            ]
        },
        "com.google.j2objc:j2objc-annotations": {
            "locked": "1.3",
            "transitive": [
                "netflix.io.grpc:grpc-guava-shaded-nflx"
            ]
        },
        "com.uber.m3:tally-core": {
            "locked": "0.6.1",
            "transitive": [
                "netflix.io.temporal:temporal-serviceclient"
            ]
        },
        "io.micrometer:micrometer-core": {
            "locked": "1.6.1",
            "transitive": [
                "netflix.io.temporal:temporal-sdk"
            ]
        },
        "junit:junit": {
            "locked": "4.13.2"
        },
        "netflix.com.google.protobuf:protobuf-java-nflx": {
            "locked": "3.12.0",
            "transitive": [
                "netflix.com.google.protobuf:protobuf-java-util-nflx",
                "netflix.grpc:netflix-grpc-options-proto-definition",
                "netflix.io.grpc:grpc-protobuf-nflx",
                "netflix.io.temporal:temporal-serviceclient"
            ]
        },
        "netflix.com.google.protobuf:protobuf-java-util-nflx": {
            "locked": "3.12.0",
            "transitive": [
                "netflix.grpc:netflix-grpc-options-proto-definition",
                "netflix.io.temporal:temporal-serviceclient"
            ]
        },
        "netflix.grpc:netflix-grpc-options-proto-definition": {
            "locked": "1.33.2",
            "transitive": [
                "netflix.io.temporal:temporal-serviceclient"
            ]
        },
        "netflix.io.grpc:grpc-api-nflx": {
            "locked": "1.33.1",
            "transitive": [
                "netflix.io.grpc:grpc-core-nflx",
                "netflix.io.grpc:grpc-protobuf-lite-nflx",
                "netflix.io.grpc:grpc-protobuf-nflx",
                "netflix.io.grpc:grpc-stub-nflx"
            ]
        },
        "netflix.io.grpc:grpc-context-nflx": {
            "locked": "1.33.1",
            "transitive": [
                "netflix.io.grpc:grpc-api-nflx"
            ]
        },
        "netflix.io.grpc:grpc-core-nflx": {
            "locked": "1.33.1",
            "transitive": [
                "netflix.io.grpc:grpc-netty-shaded-nflx",
                "netflix.io.grpc:grpc-services-nflx",
                "netflix.io.temporal:temporal-serviceclient"
            ]
        },
        "netflix.io.grpc:grpc-guava-shaded-nflx": {
            "locked": "1.33.1",
            "transitive": [
                "netflix.io.grpc:grpc-stub-nflx"
            ]
        },
        "netflix.io.grpc:grpc-netty-shaded-nflx": {
            "locked": "1.33.1",
            "transitive": [
                "netflix.io.temporal:temporal-serviceclient"
            ]
        },
        "netflix.io.grpc:grpc-protobuf-lite-nflx": {
            "locked": "1.33.1",
            "transitive": [
                "netflix.io.grpc:grpc-protobuf-nflx"
            ]
        },
        "netflix.io.grpc:grpc-protobuf-nflx": {
            "locked": "1.33.1",
            "transitive": [
                "netflix.grpc:netflix-grpc-options-proto-definition",
                "netflix.io.grpc:grpc-services-nflx",
                "netflix.io.temporal:temporal-serviceclient"
            ]
        },
        "netflix.io.grpc:grpc-services-nflx": {
            "locked": "1.33.1",
            "transitive": [
                "netflix.io.temporal:temporal-serviceclient"
            ]
        },
        "netflix.io.grpc:grpc-stub-nflx": {
            "locked": "1.33.1",
            "transitive": [
                "netflix.grpc:netflix-grpc-options-proto-definition",
                "netflix.io.grpc:grpc-services-nflx",
                "netflix.io.temporal:temporal-serviceclient"
            ]
        },
        "netflix.io.temporal:temporal-sdk": {
            "project": true,
            "transitive": [
                "netflix.io.temporal:temporal-testing"
            ]
        },
        "netflix.io.temporal:temporal-serviceclient": {
            "project": true,
            "transitive": [
                "netflix.io.temporal:temporal-sdk"
            ]
        },
        "netflix.io.temporal:temporal-testing": {
            "project": true
        },
        "org.checkerframework:checker-qual": {
            "locked": "2.11.1",
            "transitive": [
                "netflix.io.grpc:grpc-guava-shaded-nflx"
            ]
        },
        "org.hamcrest:hamcrest-core": {
            "locked": "1.3",
            "transitive": [
                "junit:junit"
            ]
        },
        "org.hdrhistogram:HdrHistogram": {
            "locked": "2.1.12",
            "transitive": [
                "io.micrometer:micrometer-core"
            ]
        },
        "org.slf4j:slf4j-api": {
            "locked": "1.7.31",
            "transitive": [
                "netflix.io.temporal:temporal-serviceclient"
            ]
        }
    },
    "testRuntimeClasspath": {
        "com.cronutils:cron-utils": {
            "locked": "9.1.5",
            "transitive": [
                "netflix.io.temporal:temporal-sdk",
                "netflix.io.temporal:temporal-testing"
            ]
        },
        "com.fasterxml.jackson.core:jackson-annotations": {
            "locked": "2.12.2",
            "transitive": [
                "com.fasterxml.jackson.core:jackson-databind",
                "com.fasterxml.jackson.datatype:jackson-datatype-jsr310"
            ]
        },
        "com.fasterxml.jackson.core:jackson-core": {
            "locked": "2.12.2",
            "transitive": [
                "com.fasterxml.jackson.core:jackson-databind",
                "com.fasterxml.jackson.datatype:jackson-datatype-jsr310"
            ]
        },
        "com.fasterxml.jackson.core:jackson-databind": {
            "locked": "2.12.2",
            "transitive": [
                "com.fasterxml.jackson.datatype:jackson-datatype-jsr310",
                "netflix.io.temporal:temporal-sdk"
            ]
        },
        "com.fasterxml.jackson.datatype:jackson-datatype-jsr310": {
            "locked": "2.12.2",
            "transitive": [
                "netflix.io.temporal:temporal-sdk"
            ]
        },
        "com.google.android:annotations": {
            "locked": "4.1.1.4",
            "transitive": [
                "netflix.io.grpc:grpc-core-nflx"
            ]
        },
        "com.google.api.grpc:proto-google-common-protos": {
            "locked": "1.17.0",
            "transitive": [
                "netflix.io.grpc:grpc-protobuf-nflx"
            ]
        },
        "com.google.code.findbugs:jsr305": {
            "locked": "3.0.2",
            "transitive": [
                "io.perfmark:perfmark-api",
                "netflix.io.grpc:grpc-api-nflx",
                "netflix.io.grpc:grpc-guava-shaded-nflx",
                "netflix.io.grpc:grpc-protobuf-lite-nflx",
                "netflix.io.grpc:grpc-protobuf-nflx"
            ]
        },
        "com.google.code.gson:gson": {
            "locked": "2.8.6",
            "transitive": [
                "netflix.com.google.protobuf:protobuf-java-util-nflx",
                "netflix.io.grpc:grpc-core-nflx",
                "netflix.io.temporal:temporal-sdk"
            ]
        },
        "com.google.errorprone:error_prone_annotations": {
            "locked": "2.3.4",
            "transitive": [
                "io.perfmark:perfmark-api",
                "netflix.com.google.protobuf:protobuf-java-util-nflx",
                "netflix.io.grpc:grpc-core-nflx",
                "netflix.io.grpc:grpc-guava-shaded-nflx",
                "netflix.io.grpc:grpc-services-nflx"
            ]
        },
        "com.google.guava:guava": {
            "locked": "20.0",
            "transitive": [
                "netflix.io.temporal:temporal-sdk",
                "netflix.io.temporal:temporal-serviceclient",
                "netflix.io.temporal:temporal-testing"
            ]
        },
        "com.google.j2objc:j2objc-annotations": {
            "locked": "1.3",
            "transitive": [
                "netflix.io.grpc:grpc-guava-shaded-nflx"
            ]
        },
        "com.uber.m3:tally-core": {
            "locked": "0.6.1",
            "transitive": [
                "netflix.io.temporal:temporal-serviceclient"
            ]
        },
        "io.micrometer:micrometer-core": {
            "locked": "1.6.1",
            "transitive": [
                "netflix.io.temporal:temporal-sdk"
            ]
        },
        "io.perfmark:perfmark-api": {
            "locked": "0.19.0",
            "transitive": [
                "netflix.io.grpc:grpc-core-nflx"
            ]
        },
        "javax.annotation:javax.annotation-api": {
            "locked": "1.3.2",
            "transitive": [
                "netflix.io.temporal:temporal-sdk",
                "netflix.io.temporal:temporal-serviceclient"
            ]
        },
        "junit:junit": {
            "locked": "4.13.2"
        },
        "netflix.com.google.protobuf:protobuf-java-nflx": {
            "locked": "3.12.0",
            "transitive": [
                "netflix.com.google.protobuf:protobuf-java-util-nflx",
                "netflix.grpc:netflix-grpc-options-proto-definition",
                "netflix.io.grpc:grpc-protobuf-nflx",
                "netflix.io.temporal:temporal-serviceclient"
            ]
        },
        "netflix.com.google.protobuf:protobuf-java-util-nflx": {
            "locked": "3.12.0",
            "transitive": [
                "netflix.grpc:netflix-grpc-options-proto-definition",
                "netflix.io.grpc:grpc-services-nflx",
                "netflix.io.temporal:temporal-serviceclient"
            ]
        },
        "netflix.grpc:netflix-grpc-options-proto-definition": {
            "locked": "1.33.2",
            "transitive": [
                "netflix.io.temporal:temporal-serviceclient"
            ]
        },
        "netflix.io.grpc:grpc-api-nflx": {
            "locked": "1.33.1",
            "transitive": [
                "netflix.io.grpc:grpc-core-nflx",
                "netflix.io.grpc:grpc-protobuf-lite-nflx",
                "netflix.io.grpc:grpc-protobuf-nflx",
                "netflix.io.grpc:grpc-stub-nflx"
            ]
        },
        "netflix.io.grpc:grpc-context-nflx": {
            "locked": "1.33.1",
            "transitive": [
                "netflix.io.grpc:grpc-api-nflx"
            ]
        },
        "netflix.io.grpc:grpc-core-nflx": {
            "locked": "1.33.1",
            "transitive": [
                "netflix.io.grpc:grpc-netty-shaded-nflx",
                "netflix.io.grpc:grpc-services-nflx",
                "netflix.io.temporal:temporal-serviceclient"
            ]
        },
        "netflix.io.grpc:grpc-guava-shaded-nflx": {
            "locked": "1.33.1",
            "transitive": [
                "netflix.io.grpc:grpc-api-nflx",
                "netflix.io.grpc:grpc-core-nflx",
                "netflix.io.grpc:grpc-protobuf-lite-nflx",
                "netflix.io.grpc:grpc-protobuf-nflx",
                "netflix.io.grpc:grpc-services-nflx",
                "netflix.io.grpc:grpc-stub-nflx"
            ]
        },
        "netflix.io.grpc:grpc-netty-shaded-nflx": {
            "locked": "1.33.1",
            "transitive": [
                "netflix.io.temporal:temporal-serviceclient"
            ]
        },
        "netflix.io.grpc:grpc-protobuf-lite-nflx": {
            "locked": "1.33.1",
            "transitive": [
                "netflix.io.grpc:grpc-protobuf-nflx"
            ]
        },
        "netflix.io.grpc:grpc-protobuf-nflx": {
            "locked": "1.33.1",
            "transitive": [
                "netflix.grpc:netflix-grpc-options-proto-definition",
                "netflix.io.grpc:grpc-services-nflx",
                "netflix.io.temporal:temporal-serviceclient"
            ]
        },
        "netflix.io.grpc:grpc-services-nflx": {
            "locked": "1.33.1",
            "transitive": [
                "netflix.io.temporal:temporal-serviceclient"
            ]
        },
        "netflix.io.grpc:grpc-stub-nflx": {
            "locked": "1.33.1",
            "transitive": [
                "netflix.grpc:netflix-grpc-options-proto-definition",
                "netflix.io.grpc:grpc-services-nflx",
                "netflix.io.temporal:temporal-serviceclient"
            ]
        },
        "netflix.io.temporal:temporal-sdk": {
            "project": true,
            "transitive": [
                "netflix.io.temporal:temporal-testing"
            ]
        },
        "netflix.io.temporal:temporal-serviceclient": {
            "project": true,
            "transitive": [
                "netflix.io.temporal:temporal-sdk"
            ]
        },
        "netflix.io.temporal:temporal-testing": {
            "project": true
        },
        "org.checkerframework:checker-qual": {
            "locked": "2.11.1",
            "transitive": [
                "netflix.io.grpc:grpc-guava-shaded-nflx"
            ]
        },
        "org.codehaus.mojo:animal-sniffer-annotations": {
            "locked": "1.18",
            "transitive": [
                "netflix.io.grpc:grpc-core-nflx"
            ]
        },
        "org.glassfish:javax.el": {
            "locked": "3.0.0",
            "transitive": [
                "com.cronutils:cron-utils"
            ]
        },
        "org.hamcrest:hamcrest-core": {
            "locked": "1.3",
            "transitive": [
                "junit:junit"
            ]
        },
        "org.hdrhistogram:HdrHistogram": {
            "locked": "2.1.12",
            "transitive": [
                "io.micrometer:micrometer-core"
            ]
        },
        "org.latencyutils:LatencyUtils": {
            "locked": "2.0.3",
            "transitive": [
                "io.micrometer:micrometer-core"
            ]
        },
        "org.slf4j:slf4j-api": {
            "locked": "1.7.31",
            "transitive": [
                "com.cronutils:cron-utils",
                "netflix.io.temporal:temporal-serviceclient",
                "org.slf4j:slf4j-simple"
            ]
        },
        "org.slf4j:slf4j-simple": {
            "locked": "1.7.31"
        }
    }
}